
Microsoft Visual Studio Solution File, Format Version 12.00
# Visual Studio 15
VisualStudioVersion = 15.0.28307.1340
MinimumVisualStudioVersion = 10.0.40219.1
Project("{FAE04EC0-301F-11D3-BF4B-00C04F79EFBC}") = "190221CursoLuckia", "190221CursoLuckia\190221CursoLuckia.csproj", "{BE1BC252-4079-44A4-AAA8-032E18A640D4}"
EndProject
Global
	GlobalSection(SolutionConfigurationPlatforms) = preSolution
		Debug|Any CPU = Debug|Any CPU
		Release|Any CPU = Release|Any CPU
	EndGlobalSection
	GlobalSection(ProjectConfigurationPlatforms) = postSolution
		{BE1BC252-4079-44A4-AAA8-032E18A640D4}.Debug|Any CPU.ActiveCfg = Debug|Any CPU
		{BE1BC252-4079-44A4-AAA8-032E18A640D4}.Debug|Any CPU.Build.0 = Debug|Any CPU
		{BE1BC252-4079-44A4-AAA8-032E18A640D4}.Release|Any CPU.ActiveCfg = Release|Any CPU
		{BE1BC252-4079-44A4-AAA8-032E18A640D4}.Release|Any CPU.Build.0 = Release|Any CPU
	EndGlobalSection
	GlobalSection(SolutionProperties) = preSolution
		HideSolutionNode = FALSE
	EndGlobalSection
	GlobalSection(ExtensibilityGlobals) = postSolution
		SolutionGuid = {02F1D893-1EE1-4479-8629-D3C075AE4F8C}
	EndGlobalSection
EndGlobal
